// !$*UTF8*$!
{
	archiveVersion = 1;
	classes = {
	};
	objectVersion = 46;
	objects = {

/* Begin PBXBuildFile section */
		554B27231CD2410C00DE0746 /* mac.swift in Sources */ = {isa = PBXBuildFile; fileRef = 554B27221CD2410C00DE0746 /* mac.swift */; };
		554B27251CD2411A00DE0746 /* BBB.swift in Sources */ = {isa = PBXBuildFile; fileRef = 554B27241CD2411A00DE0746 /* BBB.swift */; };
		559158091CD2307200922DFA /* AppDelegate.swift in Sources */ = {isa = PBXBuildFile; fileRef = 559158081CD2307200922DFA /* AppDelegate.swift */; };
		5591580B1CD2307200922DFA /* ViewController.swift in Sources */ = {isa = PBXBuildFile; fileRef = 5591580A1CD2307200922DFA /* ViewController.swift */; };
		5591580E1CD2307200922DFA /* Main.storyboard in Resources */ = {isa = PBXBuildFile; fileRef = 5591580C1CD2307200922DFA /* Main.storyboard */; };
		559158101CD2307200922DFA /* Assets.xcassets in Resources */ = {isa = PBXBuildFile; fileRef = 5591580F1CD2307200922DFA /* Assets.xcassets */; };
		559158131CD2307200922DFA /* LaunchScreen.storyboard in Resources */ = {isa = PBXBuildFile; fileRef = 559158111CD2307200922DFA /* LaunchScreen.storyboard */; };
		5591581E1CD2307200922DFA /* Network_MonitorTests.swift in Sources */ = {isa = PBXBuildFile; fileRef = 5591581D1CD2307200922DFA /* Network_MonitorTests.swift */; };
		559158291CD2307200922DFA /* Network_MonitorUITests.swift in Sources */ = {isa = PBXBuildFile; fileRef = 559158281CD2307200922DFA /* Network_MonitorUITests.swift */; };
		559158371CD2343D00922DFA /* first.swift in Sources */ = {isa = PBXBuildFile; fileRef = 559158361CD2343D00922DFA /* first.swift */; };
/* End PBXBuildFile section */

/* Begin PBXContainerItemProxy section */
		5591581A1CD2307200922DFA /* PBXContainerItemProxy */ = {
			isa = PBXContainerItemProxy;
			containerPortal = 559157FD1CD2307200922DFA /* Project object */;
			proxyType = 1;
			remoteGlobalIDString = 559158041CD2307200922DFA;
			remoteInfo = "Network Monitor";
		};
		559158251CD2307200922DFA /* PBXContainerItemProxy */ = {
			isa = PBXContainerItemProxy;
			containerPortal = 559157FD1CD2307200922DFA /* Project object */;
			proxyType = 1;
			remoteGlobalIDString = 559158041CD2307200922DFA;
			remoteInfo = "Network Monitor";
		};
/* End PBXContainerItemProxy section */

/* Begin PBXFileReference section */
		554B27221CD2410C00DE0746 /* mac.swift */ = {isa = PBXFileReference; fileEncoding = 4; lastKnownFileType = sourcecode.swift; path = mac.swift; sourceTree = "<group>"; };
		554B27241CD2411A00DE0746 /* BBB.swift */ = {isa = PBXFileReference; fileEncoding = 4; lastKnownFileType = sourcecode.swift; path = BBB.swift; sourceTree = "<group>"; };
		559158051CD2307200922DFA /* Network Monitor.app */ = {isa = PBXFileReference; explicitFileType = wrapper.application; includeInIndex = 0; path = "Network Monitor.app"; sourceTree = BUILT_PRODUCTS_DIR; };
		559158081CD2307200922DFA /* AppDelegate.swift */ = {isa = PBXFileReference; lastKnownFileType = sourcecode.swift; path = AppDelegate.swift; sourceTree = "<group>"; };
		5591580A1CD2307200922DFA /* ViewController.swift */ = {isa = PBXFileReference; lastKnownFileType = sourcecode.swift; path = ViewController.swift; sourceTree = "<group>"; };
		5591580D1CD2307200922DFA /* Base */ = {isa = PBXFileReference; lastKnownFileType = file.storyboard; name = Base; path = Base.lproj/Main.storyboard; sourceTree = "<group>"; };
		5591580F1CD2307200922DFA /* Assets.xcassets */ = {isa = PBXFileReference; lastKnownFileType = folder.assetcatalog; path = Assets.xcassets; sourceTree = "<group>"; };
		559158121CD2307200922DFA /* Base */ = {isa = PBXFileReference; lastKnownFileType = file.storyboard; name = Base; path = Base.lproj/LaunchScreen.storyboard; sourceTree = "<group>"; };
		559158141CD2307200922DFA /* Info.plist */ = {isa = PBXFileReference; lastKnownFileType = text.plist.xml; path = Info.plist; sourceTree = "<group>"; };
		559158191CD2307200922DFA /* Network MonitorTests.xctest */ = {isa = PBXFileReference; explicitFileType = wrapper.cfbundle; includeInIndex = 0; path = "Network MonitorTests.xctest"; sourceTree = BUILT_PRODUCTS_DIR; };
		5591581D1CD2307200922DFA /* Network_MonitorTests.swift */ = {isa = PBXFileReference; lastKnownFileType = sourcecode.swift; path = Network_MonitorTests.swift; sourceTree = "<group>"; };
		5591581F1CD2307200922DFA /* Info.plist */ = {isa = PBXFileReference; lastKnownFileType = text.plist.xml; path = Info.plist; sourceTree = "<group>"; };
		559158241CD2307200922DFA /* Network MonitorUITests.xctest */ = {isa = PBXFileReference; explicitFileType = wrapper.cfbundle; includeInIndex = 0; path = "Network MonitorUITests.xctest"; sourceTree = BUILT_PRODUCTS_DIR; };
		559158281CD2307200922DFA /* Network_MonitorUITests.swift */ = {isa = PBXFileReference; lastKnownFileType = sourcecode.swift; path = Network_MonitorUITests.swift; sourceTree = "<group>"; };
		5591582A1CD2307200922DFA /* Info.plist */ = {isa = PBXFileReference; lastKnownFileType = text.plist.xml; path = Info.plist; sourceTree = "<group>"; };
		559158361CD2343D00922DFA /* first.swift */ = {isa = PBXFileReference; fileEncoding = 4; lastKnownFileType = sourcecode.swift; path = first.swift; sourceTree = "<group>"; };
/* End PBXFileReference section */

/* Begin PBXFrameworksBuildPhase section */
		559158021CD2307200922DFA /* Frameworks */ = {
			isa = PBXFrameworksBuildPhase;
			buildActionMask = 2147483647;
			files = (
			);
			runOnlyForDeploymentPostprocessing = 0;
		};
		559158161CD2307200922DFA /* Frameworks */ = {
			isa = PBXFrameworksBuildPhase;
			buildActionMask = 2147483647;
			files = (
			);
			runOnlyForDeploymentPostprocessing = 0;
		};
		559158211CD2307200922DFA /* Frameworks */ = {
			isa = PBXFrameworksBuildPhase;
			buildActionMask = 2147483647;
			files = (
			);
			runOnlyForDeploymentPostprocessing = 0;
		};
/* End PBXFrameworksBuildPhase section */

/* Begin PBXGroup section */
		559157FC1CD2307200922DFA = {
			isa = PBXGroup;
			children = (
				559158071CD2307200922DFA /* Network Monitor */,
				5591581C1CD2307200922DFA /* Network MonitorTests */,
				559158271CD2307200922DFA /* Network MonitorUITests */,
				559158061CD2307200922DFA /* Products */,
			);
			sourceTree = "<group>";
		};
		559158061CD2307200922DFA /* Products */ = {
			isa = PBXGroup;
			children = (
				559158051CD2307200922DFA /* Network Monitor.app */,
				559158191CD2307200922DFA /* Network MonitorTests.xctest */,
				559158241CD2307200922DFA /* Network MonitorUITests.xctest */,
			);
			name = Products;
			sourceTree = "<group>";
		};
		559158071CD2307200922DFA /* Network Monitor */ = {
			isa = PBXGroup;
			children = (
				559158081CD2307200922DFA /* AppDelegate.swift */,
				5591580A1CD2307200922DFA /* ViewController.swift */,
				5591580C1CD2307200922DFA /* Main.storyboard */,
				5591580F1CD2307200922DFA /* Assets.xcassets */,
				559158111CD2307200922DFA /* LaunchScreen.storyboard */,
				559158141CD2307200922DFA /* Info.plist */,
				559158361CD2343D00922DFA /* first.swift */,
				554B27221CD2410C00DE0746 /* mac.swift */,
				554B27241CD2411A00DE0746 /* BBB.swift */,
			);
			path = "Network Monitor";
			sourceTree = "<group>";
		};
		5591581C1CD2307200922DFA /* Network MonitorTests */ = {
			isa = PBXGroup;
			children = (
				5591581D1CD2307200922DFA /* Network_MonitorTests.swift */,
				5591581F1CD2307200922DFA /* Info.plist */,
			);
			path = "Network MonitorTests";
			sourceTree = "<group>";
		};
		559158271CD2307200922DFA /* Network MonitorUITests */ = {
			isa = PBXGroup;
			children = (
				559158281CD2307200922DFA /* Network_MonitorUITests.swift */,
				5591582A1CD2307200922DFA /* Info.plist */,
			);
			path = "Network MonitorUITests";
			sourceTree = "<group>";
		};
/* End PBXGroup section */

/* Begin PBXNativeTarget section */
		559158041CD2307200922DFA /* Network Monitor */ = {
			isa = PBXNativeTarget;
			buildConfigurationList = 5591582D1CD2307200922DFA /* Build configuration list for PBXNativeTarget "Network Monitor" */;
			buildPhases = (
				559158011CD2307200922DFA /* Sources */,
				559158021CD2307200922DFA /* Frameworks */,
				559158031CD2307200922DFA /* Resources */,
			);
			buildRules = (
			);
			dependencies = (
			);
			name = "Network Monitor";
			productName = "Network Monitor";
			productReference = 559158051CD2307200922DFA /* Network Monitor.app */;
			productType = "com.apple.product-type.application";
		};
		559158181CD2307200922DFA /* Network MonitorTests */ = {
			isa = PBXNativeTarget;
			buildConfigurationList = 559158301CD2307200922DFA /* Build configuration list for PBXNativeTarget "Network MonitorTests" */;
			buildPhases = (
				559158151CD2307200922DFA /* Sources */,
				559158161CD2307200922DFA /* Frameworks */,
				559158171CD2307200922DFA /* Resources */,
			);
			buildRules = (
			);
			dependencies = (
				5591581B1CD2307200922DFA /* PBXTargetDependency */,
			);
			name = "Network MonitorTests";
			productName = "Network MonitorTests";
			productReference = 559158191CD2307200922DFA /* Network MonitorTests.xctest */;
			productType = "com.apple.product-type.bundle.unit-test";
		};
		559158231CD2307200922DFA /* Network MonitorUITests */ = {
			isa = PBXNativeTarget;
			buildConfigurationList = 559158331CD2307200922DFA /* Build configuration list for PBXNativeTarget "Network MonitorUITests" */;
			buildPhases = (
				559158201CD2307200922DFA /* Sources */,
				559158211CD2307200922DFA /* Frameworks */,
				559158221CD2307200922DFA /* Resources */,
			);
			buildRules = (
			);
			dependencies = (
				559158261CD2307200922DFA /* PBXTargetDependency */,
			);
			name = "Network MonitorUITests";
			productName = "Network MonitorUITests";
			productReference = 559158241CD2307200922DFA /* Network MonitorUITests.xctest */;
			productType = "com.apple.product-type.bundle.ui-testing";
		};
/* End PBXNativeTarget section */

/* Begin PBXProject section */
		559157FD1CD2307200922DFA /* Project object */ = {
			isa = PBXProject;
			attributes = {
				LastSwiftUpdateCheck = 0730;
				LastUpgradeCheck = 0730;
				ORGANIZATIONNAME = "Amit Verma";
				TargetAttributes = {
					559158041CD2307200922DFA = {
						CreatedOnToolsVersion = 7.3;
						DevelopmentTeam = 4W54NW8G38;
					};
					559158181CD2307200922DFA = {
						CreatedOnToolsVersion = 7.3;
						DevelopmentTeam = 4W54NW8G38;
						TestTargetID = 559158041CD2307200922DFA;
					};
					559158231CD2307200922DFA = {
						CreatedOnToolsVersion = 7.3;
						DevelopmentTeam = 4W54NW8G38;
						TestTargetID = 559158041CD2307200922DFA;
					};
				};
			};
			buildConfigurationList = 559158001CD2307200922DFA /* Build configuration list for PBXProject "Network Monitor" */;
			compatibilityVersion = "Xcode 3.2";
			developmentRegion = English;
			hasScannedForEncodings = 0;
			knownRegions = (
				en,
				Base,
			);
			mainGroup = 559157FC1CD2307200922DFA;
			productRefGroup = 559158061CD2307200922DFA /* Products */;
			projectDirPath = "";
			projectRoot = "";
			targets = (
				559158041CD2307200922DFA /* Network Monitor */,
				559158181CD2307200922DFA /* Network MonitorTests */,
				559158231CD2307200922DFA /* Network MonitorUITests */,
			);
		};
/* End PBXProject section */

/* Begin PBXResourcesBuildPhase section */
		559158031CD2307200922DFA /* Resources */ = {
			isa = PBXResourcesBuildPhase;
			buildActionMask = 2147483647;
			files = (
				559158131CD2307200922DFA /* LaunchScreen.storyboard in Resources */,
				559158101CD2307200922DFA /* Assets.xcassets in Resources */,
				5591580E1CD2307200922DFA /* Main.storyboard in Resources */,
			);
			runOnlyForDeploymentPostprocessing = 0;
		};
		559158171CD2307200922DFA /* Resources */ = {
			isa = PBXResourcesBuildPhase;
			buildActionMask = 2147483647;
			files = (
			);
			runOnlyForDeploymentPostprocessing = 0;
		};
		559158221CD2307200922DFA /* Resources */ = {
			isa = PBXResourcesBuildPhase;
			buildActionMask = 2147483647;
			files = (
			);
			runOnlyForDeploymentPostprocessing = 0;
		};
/* End PBXResourcesBuildPhase section */

/* Begin PBXSourcesBuildPhase section */
		559158011CD2307200922DFA /* Sources */ = {
			isa = PBXSourcesBuildPhase;
			buildActionMask = 2147483647;
			files = (
				5591580B1CD2307200922DFA /* ViewController.swift in Sources */,
				554B27251CD2411A00DE0746 /* BBB.swift in Sources */,
				554B27231CD2410C00DE0746 /* mac.swift in Sources */,
				559158091CD2307200922DFA /* AppDelegate.swift in Sources */,
				559158371CD2343D00922DFA /* first.swift in Sources */,
			);
			runOnlyForDeploymentPostprocessing = 0;
		};
		559158151CD2307200922DFA /* Sources */ = {
			isa = PBXSourcesBuildPhase;
			buildActionMask = 2147483647;
			files = (
				5591581E1CD2307200922DFA /* Network_MonitorTests.swift in Sources */,
			);
			runOnlyForDeploymentPostprocessing = 0;
		};
		559158201CD2307200922DFA /* Sources */ = {
			isa = PBXSourcesBuildPhase;
			buildActionMask = 2147483647;
			files = (
				559158291CD2307200922DFA /* Network_MonitorUITests.swift in Sources */,
			);
			runOnlyForDeploymentPostprocessing = 0;
		};
/* End PBXSourcesBuildPhase section */

/* Begin PBXTargetDependency section */
		5591581B1CD2307200922DFA /* PBXTargetDependency */ = {
			isa = PBXTargetDependency;
			target = 559158041CD2307200922DFA /* Network Monitor */;
			targetProxy = 5591581A1CD2307200922DFA /* PBXContainerItemProxy */;
		};
		559158261CD2307200922DFA /* PBXTargetDependency */ = {
			isa = PBXTargetDependency;
			target = 559158041CD2307200922DFA /* Network Monitor */;
			targetProxy = 559158251CD2307200922DFA /* PBXContainerItemProxy */;
		};
/* End PBXTargetDependency section */

/* Begin PBXVariantGroup section */
		5591580C1CD2307200922DFA /* Main.storyboard */ = {
			isa = PBXVariantGroup;
			children = (
				5591580D1CD2307200922DFA /* Base */,
			);
			name = Main.storyboard;
			sourceTree = "<group>";
		};
		559158111CD2307200922DFA /* LaunchScreen.storyboard */ = {
			isa = PBXVariantGroup;
			children = (
				559158121CD2307200922DFA /* Base */,
			);
			name = LaunchScreen.storyboard;
			sourceTree = "<group>";
		};
/* End PBXVariantGroup section */

/* Begin XCBuildConfiguration section */
		5591582B1CD2307200922DFA /* Debug */ = {
			isa = XCBuildConfiguration;
			buildSettings = {
				ALWAYS_SEARCH_USER_PATHS = NO;
				CLANG_ANALYZER_NONNULL = YES;
				CLANG_CXX_LANGUAGE_STANDARD = "gnu++0x";
				CLANG_CXX_LIBRARY = "libc++";
				CLANG_ENABLE_MODULES = YES;
				CLANG_ENABLE_OBJC_ARC = YES;
				CLANG_WARN_BOOL_CONVERSION = YES;
				CLANG_WARN_CONSTANT_CONVERSION = YES;
				CLANG_WARN_DIRECT_OBJC_ISA_USAGE = YES_ERROR;
				CLANG_WARN_EMPTY_BODY = YES;
				CLANG_WARN_ENUM_CONVERSION = YES;
				CLANG_WARN_INT_CONVERSION = YES;
				CLANG_WARN_OBJC_ROOT_CLASS = YES_ERROR;
				CLANG_WARN_UNREACHABLE_CODE = YES;
				CLANG_WARN__DUPLICATE_METHOD_MATCH = YES;
				"CODE_SIGN_IDENTITY[sdk=iphoneos*]" = "iPhone Developer";
				COPY_PHASE_STRIP = NO;
				DEBUG_INFORMATION_FORMAT = dwarf;
				ENABLE_STRICT_OBJC_MSGSEND = YES;
				ENABLE_TESTABILITY = YES;
				GCC_C_LANGUAGE_STANDARD = gnu99;
				GCC_DYNAMIC_NO_PIC = NO;
				GCC_NO_COMMON_BLOCKS = YES;
				GCC_OPTIMIZATION_LEVEL = 0;
				GCC_PREPROCESSOR_DEFINITIONS = (
					"DEBUG=1",
					"$(inherited)",
				);
				GCC_WARN_64_TO_32_BIT_CONVERSION = YES;
				GCC_WARN_ABOUT_RETURN_TYPE = YES_ERROR;
				GCC_WARN_UNDECLARED_SELECTOR = YES;
				GCC_WARN_UNINITIALIZED_AUTOS = YES_AGGRESSIVE;
				GCC_WARN_UNUSED_FUNCTION = YES;
				GCC_WARN_UNUSED_VARIABLE = YES;
				IPHONEOS_DEPLOYMENT_TARGET = 9.3;
				MTL_ENABLE_DEBUG_INFO = YES;
				ONLY_ACTIVE_ARCH = YES;
				SDKROOT = iphoneos;
				SWIFT_OPTIMIZATION_LEVEL = "-Onone";
				TARGETED_DEVICE_FAMILY = 2;
			};
			name = Debug;
		};
		5591582C1CD2307200922DFA /* Release */ = {
			isa = XCBuildConfiguration;
			buildSettings = {
				ALWAYS_SEARCH_USER_PATHS = NO;
				CLANG_ANALYZER_NONNULL = YES;
				CLANG_CXX_LANGUAGE_STANDARD = "gnu++0x";
				CLANG_CXX_LIBRARY = "libc++";
				CLANG_ENABLE_MODULES = YES;
				CLANG_ENABLE_OBJC_ARC = YES;
				CLANG_WARN_BOOL_CONVERSION = YES;
				CLANG_WARN_CONSTANT_CONVERSION = YES;
				CLANG_WARN_DIRECT_OBJC_ISA_USAGE = YES_ERROR;
				CLANG_WARN_EMPTY_BODY = YES;
				CLANG_WARN_ENUM_CONVERSION = YES;
				CLANG_WARN_INT_CONVERSION = YES;
				CLANG_WARN_OBJC_ROOT_CLASS = YES_ERROR;
				CLANG_WARN_UNREACHABLE_CODE = YES;
				CLANG_WARN__DUPLICATE_METHOD_MATCH = YES;
				"CODE_SIGN_IDENTITY[sdk=iphoneos*]" = "iPhone Developer";
				COPY_PHASE_STRIP = NO;
				DEBUG_INFORMATION_FORMAT = "dwarf-with-dsym";
				ENABLE_NS_ASSERTIONS = NO;
				ENABLE_STRICT_OBJC_MSGSEND = YES;
				GCC_C_LANGUAGE_STANDARD = gnu99;
				GCC_NO_COMMON_BLOCKS = YES;
				GCC_WARN_64_TO_32_BIT_CONVERSION = YES;
				GCC_WARN_ABOUT_RETURN_TYPE = YES_ERROR;
				GCC_WARN_UNDECLARED_SELECTOR = YES;
				GCC_WARN_UNINITIALIZED_AUTOS = YES_AGGRESSIVE;
				GCC_WARN_UNUSED_FUNCTION = YES;
				GCC_WARN_UNUSED_VARIABLE = YES;
				IPHONEOS_DEPLOYMENT_TARGET = 9.3;
				MTL_ENABLE_DEBUG_INFO = NO;
				SDKROOT = iphoneos;
				TARGETED_DEVICE_FAMILY = 2;
				VALIDATE_PRODUCT = YES;
			};
			name = Release;
		};
		5591582E1CD2307200922DFA /* Debug */ = {
			isa = XCBuildConfiguration;
			buildSettings = {
				ASSETCATALOG_COMPILER_APPICON_NAME = AppIcon;
				INFOPLIST_FILE = "Network Monitor/Info.plist";
				LD_RUNPATH_SEARCH_PATHS = "$(inherited) @executable_path/Frameworks";
				PRODUCT_BUNDLE_IDENTIFIER = "Amit-Verma.Network-Monitor";
				PRODUCT_NAME = "$(TARGET_NAME)";
			};
			name = Debug;
		};
		5591582F1CD2307200922DFA /* Release */ = {
			isa = XCBuildConfiguration;
			buildSettings = {
				ASSETCATALOG_COMPILER_APPICON_NAME = AppIcon;
				INFOPLIST_FILE = "Network Monitor/Info.plist";
				LD_RUNPATH_SEARCH_PATHS = "$(inherited) @executable_path/Frameworks";
				PRODUCT_BUNDLE_IDENTIFIER = "Amit-Verma.Network-Monitor";
				PRODUCT_NAME = "$(TARGET_NAME)";
			};
			name = Release;
		};
		559158311CD2307200922DFA /* Debug */ = {
			isa = XCBuildConfiguration;
			buildSettings = {
				BUNDLE_LOADER = "$(TEST_HOST)";
				INFOPLIST_FILE = "Network MonitorTests/Info.plist";
				LD_RUNPATH_SEARCH_PATHS = "$(inherited) @executable_path/Frameworks @loader_path/Frameworks";
				PRODUCT_BUNDLE_IDENTIFIER = "Amit-Verma.Network-MonitorTests";
				PRODUCT_NAME = "$(TARGET_NAME)";
				TEST_HOST = "$(BUILT_PRODUCTS_DIR)/Network Monitor.app/Network Monitor";
			};
			name = Debug;
		};
		559158321CD2307200922DFA /* Release */ = {
			isa = XCBuildConfiguration;
			buildSettings = {
				BUNDLE_LOADER = "$(TEST_HOST)";
				INFOPLIST_FILE = "Network MonitorTests/Info.plist";
				LD_RUNPATH_SEARCH_PATHS = "$(inherited) @executable_path/Frameworks @loader_path/Frameworks";
				PRODUCT_BUNDLE_IDENTIFIER = "Amit-Verma.Network-MonitorTests";
				PRODUCT_NAME = "$(TARGET_NAME)";
				TEST_HOST = "$(BUILT_PRODUCTS_DIR)/Network Monitor.app/Network Monitor";
			};
			name = Release;
		};
		559158341CD2307200922DFA /* Debug */ = {
			isa = XCBuildConfiguration;
			buildSettings = {
				INFOPLIST_FILE = "Network MonitorUITests/Info.plist";
				LD_RUNPATH_SEARCH_PATHS = "$(inherited) @executable_path/Frameworks @loader_path/Frameworks";
				PRODUCT_BUNDLE_IDENTIFIER = "Amit-Verma.Network-MonitorUITests";
				PRODUCT_NAME = "$(TARGET_NAME)";
				TEST_TARGET_NAME = "Network Monitor";
			};
			name = Debug;
		};
		559158351CD2307200922DFA /* Release */ = {
			isa = XCBuildConfiguration;
			buildSettings = {
				INFOPLIST_FILE = "Network MonitorUITests/Info.plist";
				LD_RUNPATH_SEARCH_PATHS = "$(inherited) @executable_path/Frameworks @loader_path/Frameworks";
				PRODUCT_BUNDLE_IDENTIFIER = "Amit-Verma.Network-MonitorUITests";
				PRODUCT_NAME = "$(TARGET_NAME)";
				TEST_TARGET_NAME = "Network Monitor";
			};
			name = Release;
		};
/* End XCBuildConfiguration section */

/* Begin XCConfigurationList section */
		559158001CD2307200922DFA /* Build configuration list for PBXProject "Network Monitor" */ = {
			isa = XCConfigurationList;
			buildConfigurations = (
				5591582B1CD2307200922DFA /* Debug */,
				5591582C1CD2307200922DFA /* Release */,
			);
			defaultConfigurationIsVisible = 0;
			defaultConfigurationName = Release;
		};
		5591582D1CD2307200922DFA /* Build configuration list for PBXNativeTarget "Network Monitor" */ = {
			isa = XCConfigurationList;
			buildConfigurations = (
				5591582E1CD2307200922DFA /* Debug */,
				5591582F1CD2307200922DFA /* Release */,
			);
			defaultConfigurationIsVisible = 0;
			defaultConfigurationName = Release;
		};
		559158301CD2307200922DFA /* Build configuration list for PBXNativeTarget "Network MonitorTests" */ = {
			isa = XCConfigurationList;
			buildConfigurations = (
				559158311CD2307200922DFA /* Debug */,
				559158321CD2307200922DFA /* Release */,
			);
			defaultConfigurationIsVisible = 0;
			defaultConfigurationName = Release;
		};
		559158331CD2307200922DFA /* Build configuration list for PBXNativeTarget "Network MonitorUITests" */ = {
			isa = XCConfigurationList;
			buildConfigurations = (
				559158341CD2307200922DFA /* Debug */,
				559158351CD2307200922DFA /* Release */,
			);
			defaultConfigurationIsVisible = 0;
			defaultConfigurationName = Release;
		};
/* End XCConfigurationList section */
	};
	rootObject = 559157FD1CD2307200922DFA /* Project object */;
}
